// !$*UTF8*$!
{
	archiveVersion = 1;
	classes = {
	};
	objectVersion = 46;
	objects = {

/* Begin PBXBuildFile section */
		390DB7981C332EB800A8EDCC /* AppDelegate.swift in Sources */ = {isa = PBXBuildFile; fileRef = 390DB7971C332EB800A8EDCC /* AppDelegate.swift */; };
		390DB79A1C332EB800A8EDCC /* ViewController.swift in Sources */ = {isa = PBXBuildFile; fileRef = 390DB7991C332EB800A8EDCC /* ViewController.swift */; };
		390DB79D1C332EB800A8EDCC /* Main.storyboard in Resources */ = {isa = PBXBuildFile; fileRef = 390DB79B1C332EB800A8EDCC /* Main.storyboard */; };
		390DB79F1C332EB800A8EDCC /* Assets.xcassets in Resources */ = {isa = PBXBuildFile; fileRef = 390DB79E1C332EB800A8EDCC /* Assets.xcassets */; };
		390DB7A21C332EB800A8EDCC /* LaunchScreen.storyboard in Resources */ = {isa = PBXBuildFile; fileRef = 390DB7A01C332EB800A8EDCC /* LaunchScreen.storyboard */; };
/* End PBXBuildFile section */

/* Begin PBXFileReference section */
		390DB7941C332EB800A8EDCC /* BurgerTycoon.app */ = {isa = PBXFileReference; explicitFileType = wrapper.application; includeInIndex = 0; path = BurgerTycoon.app; sourceTree = BUILT_PRODUCTS_DIR; };
		390DB7971C332EB800A8EDCC /* AppDelegate.swift */ = {isa = PBXFileReference; lastKnownFileType = sourcecode.swift; path = AppDelegate.swift; sourceTree = "<group>"; };
		390DB7991C332EB800A8EDCC /* ViewController.swift */ = {isa = PBXFileReference; lastKnownFileType = sourcecode.swift; path = ViewController.swift; sourceTree = "<group>"; };
		390DB79C1C332EB800A8EDCC /* Base */ = {isa = PBXFileReference; lastKnownFileType = file.storyboard; name = Base; path = Base.lproj/Main.storyboard; sourceTree = "<group>"; };
		390DB79E1C332EB800A8EDCC /* Assets.xcassets */ = {isa = PBXFileReference; lastKnownFileType = folder.assetcatalog; path = Assets.xcassets; sourceTree = "<group>"; };
		390DB7A11C332EB800A8EDCC /* Base */ = {isa = PBXFileReference; lastKnownFileType = file.storyboard; name = Base; path = Base.lproj/LaunchScreen.storyboard; sourceTree = "<group>"; };
		390DB7A31C332EB800A8EDCC /* Info.plist */ = {isa = PBXFileReference; lastKnownFileType = text.plist.xml; path = Info.plist; sourceTree = "<group>"; };
/* End PBXFileReference section */

/* Begin PBXFrameworksBuildPhase section */
		390DB7911C332EB800A8EDCC /* Frameworks */ = {
			isa = PBXFrameworksBuildPhase;
			buildActionMask = 2147483647;
			files = (
			);
			runOnlyForDeploymentPostprocessing = 0;
		};
/* End PBXFrameworksBuildPhase section */

/* Begin PBXGroup section */
		390DB78B1C332EB800A8EDCC = {
			isa = PBXGroup;
			children = (
				390DB7961C332EB800A8EDCC /* BurgerTycoon */,
				390DB7951C332EB800A8EDCC /* Products */,
			);
			sourceTree = "<group>";
		};
		390DB7951C332EB800A8EDCC /* Products */ = {
			isa = PBXGroup;
			children = (
				390DB7941C332EB800A8EDCC /* BurgerTycoon.app */,
			);
			name = Products;
			sourceTree = "<group>";
		};
		390DB7961C332EB800A8EDCC /* BurgerTycoon */ = {
			isa = PBXGroup;
			children = (
				390DB7971C332EB800A8EDCC /* AppDelegate.swift */,
				390DB7991C332EB800A8EDCC /* ViewController.swift */,
				390DB79B1C332EB800A8EDCC /* Main.storyboard */,
				390DB79E1C332EB800A8EDCC /* Assets.xcassets */,
				390DB7A01C332EB800A8EDCC /* LaunchScreen.storyboard */,
				390DB7A31C332EB800A8EDCC /* Info.plist */,
			);
			path = BurgerTycoon;
			sourceTree = "<group>";
		};
/* End PBXGroup section */

/* Begin PBXNativeTarget section */
		390DB7931C332EB800A8EDCC /* BurgerTycoon */ = {
			isa = PBXNativeTarget;
			buildConfigurationList = 390DB7A61C332EB800A8EDCC /* Build configuration list for PBXNativeTarget "BurgerTycoon" */;
			buildPhases = (
				390DB7901C332EB800A8EDCC /* Sources */,
				390DB7911C332EB800A8EDCC /* Frameworks */,
				390DB7921C332EB800A8EDCC /* Resources */,
			);
			buildRules = (
			);
			dependencies = (
			);
			name = BurgerTycoon;
			productName = BurgerTycoon;
			productReference = 390DB7941C332EB800A8EDCC /* BurgerTycoon.app */;
			productType = "com.apple.product-type.application";
		};
/* End PBXNativeTarget section */

/* Begin PBXProject section */
		390DB78C1C332EB800A8EDCC /* Project object */ = {
			isa = PBXProject;
			attributes = {
				LastSwiftUpdateCheck = 0720;
				LastUpgradeCheck = 0720;
				ORGANIZATIONNAME = "Dan Sinclair";
				TargetAttributes = {
					390DB7931C332EB800A8EDCC = {
						CreatedOnToolsVersion = 7.2;
					};
				};
			};
			buildConfigurationList = 390DB78F1C332EB800A8EDCC /* Build configuration list for PBXProject "BurgerTycoon" */;
			compatibilityVersion = "Xcode 3.2";
			developmentRegion = English;
			hasScannedForEncodings = 0;
			knownRegions = (
				en,
				Base,
			);
			mainGroup = 390DB78B1C332EB800A8EDCC;
			productRefGroup = 390DB7951C332EB800A8EDCC /* Products */;
			projectDirPath = "";
			projectRoot = "";
			targets = (
				390DB7931C332EB800A8EDCC /* BurgerTycoon */,
			);
		};
/* End PBXProject section */

/* Begin PBXResourcesBuildPhase section */
		390DB7921C332EB800A8EDCC /* Resources */ = {
			isa = PBXResourcesBuildPhase;
			buildActionMask = 2147483647;
			files = (
				390DB7A21C332EB800A8EDCC /* LaunchScreen.storyboard in Resources */,
				390DB79F1C332EB800A8EDCC /* Assets.xcassets in Resources */,
				390DB79D1C332EB800A8EDCC /* Main.storyboard in Resources */,
			);
			runOnlyForDeploymentPostprocessing = 0;
		};
/* End PBXResourcesBuildPhase section */

/* Begin PBXSourcesBuildPhase section */
		390DB7901C332EB800A8EDCC /* Sources */ = {
			isa = PBXSourcesBuildPhase;
			buildActionMask = 2147483647;
			files = (
				390DB79A1C332EB800A8EDCC /* ViewController.swift in Sources */,
				390DB7981C332EB800A8EDCC /* AppDelegate.swift in Sources */,
			);
			runOnlyForDeploymentPostprocessing = 0;
		};
/* End PBXSourcesBuildPhase section */

/* Begin PBXVariantGroup section */
		390DB79B1C332EB800A8EDCC /* Main.storyboard */ = {
			isa = PBXVariantGroup;
			children = (
				390DB79C1C332EB800A8EDCC /* Base */,
			);
			name = Main.storyboard;
			sourceTree = "<group>";
		};
		390DB7A01C332EB800A8EDCC /* LaunchScreen.storyboard */ = {
			isa = PBXVariantGroup;
			children = (
				390DB7A11C332EB800A8EDCC /* Base */,
			);
			name = LaunchScreen.storyboard;
			sourceTree = "<group>";
		};
/* End PBXVariantGroup section */

/* Begin XCBuildConfiguration section */
		390DB7A41C332EB800A8EDCC /* Debug */ = {
			isa = XCBuildConfiguration;
			buildSettings = {
				ALWAYS_SEARCH_USER_PATHS = NO;
				CLANG_CXX_LANGUAGE_STANDARD = "gnu++0x";
				CLANG_CXX_LIBRARY = "libc++";
				CLANG_ENABLE_MODULES = YES;
				CLANG_ENABLE_OBJC_ARC = YES;
				CLANG_WARN_BOOL_CONVERSION = YES;
				CLANG_WARN_CONSTANT_CONVERSION = YES;
				CLANG_WARN_DIRECT_OBJC_ISA_USAGE = YES_ERROR;
				CLANG_WARN_EMPTY_BODY = YES;
				CLANG_WARN_ENUM_CONVERSION = YES;
				CLANG_WARN_INT_CONVERSION = YES;
				CLANG_WARN_OBJC_ROOT_CLASS = YES_ERROR;
				CLANG_WARN_UNREACHABLE_CODE = YES;
				CLANG_WARN__DUPLICATE_METHOD_MATCH = YES;
				"CODE_SIGN_IDENTITY[sdk=iphoneos*]" = "iPhone Developer";
				COPY_PHASE_STRIP = NO;
				DEBUG_INFORMATION_FORMAT = dwarf;
				ENABLE_STRICT_OBJC_MSGSEND = YES;
				ENABLE_TESTABILITY = YES;
				GCC_C_LANGUAGE_STANDARD = gnu99;
				GCC_DYNAMIC_NO_PIC = NO;
				GCC_NO_COMMON_BLOCKS = YES;
				GCC_OPTIMIZATION_LEVEL = 0;
				GCC_PREPROCESSOR_DEFINITIONS = (
					"DEBUG=1",
					"$(inherited)",
				);
				GCC_WARN_64_TO_32_BIT_CONVERSION = YES;
				GCC_WARN_ABOUT_RETURN_TYPE = YES_ERROR;
				GCC_WARN_UNDECLARED_SELECTOR = YES;
				GCC_WARN_UNINITIALIZED_AUTOS = YES_AGGRESSIVE;
				GCC_WARN_UNUSED_FUNCTION = YES;
				GCC_WARN_UNUSED_VARIABLE = YES;
				IPHONEOS_DEPLOYMENT_TARGET = 9.2;
				MTL_ENABLE_DEBUG_INFO = YES;
				ONLY_ACTIVE_ARCH = YES;
				SDKROOT = iphoneos;
				SWIFT_OPTIMIZATION_LEVEL = "-Onone";
				TARGETED_DEVICE_FAMILY = "1,2";
			};
			name = Debug;
		};
		390DB7A51C332EB800A8EDCC /* Release */ = {
			isa = XCBuildConfiguration;
			buildSettings = {
				ALWAYS_SEARCH_USER_PATHS = NO;
				CLANG_CXX_LANGUAGE_STANDARD = "gnu++0x";
				CLANG_CXX_LIBRARY = "libc++";
				CLANG_ENABLE_MODULES = YES;
				CLANG_ENABLE_OBJC_ARC = YES;
				CLANG_WARN_BOOL_CONVERSION = YES;
				CLANG_WARN_CONSTANT_CONVERSION = YES;
				CLANG_WARN_DIRECT_OBJC_ISA_USAGE = YES_ERROR;
				CLANG_WARN_EMPTY_BODY = YES;
				CLANG_WARN_ENUM_CONVERSION = YES;
				CLANG_WARN_INT_CONVERSION = YES;
				CLANG_WARN_OBJC_ROOT_CLASS = YES_ERROR;
				CLANG_WARN_UNREACHABLE_CODE = YES;
				CLANG_WARN__DUPLICATE_METHOD_MATCH = YES;
				"CODE_SIGN_IDENTITY[sdk=iphoneos*]" = "iPhone Developer";
				COPY_PHASE_STRIP = NO;
				DEBUG_INFORMATION_FORMAT = "dwarf-with-dsym";
				ENABLE_NS_ASSERTIONS = NO;
				ENABLE_STRICT_OBJC_MSGSEND = YES;
				GCC_C_LANGUAGE_STANDARD = gnu99;
				GCC_NO_COMMON_BLOCKS = YES;
				GCC_WARN_64_TO_32_BIT_CONVERSION = YES;
				GCC_WARN_ABOUT_RETURN_TYPE = YES_ERROR;
				GCC_WARN_UNDECLARED_SELECTOR = YES;
				GCC_WARN_UNINITIALIZED_AUTOS = YES_AGGRESSIVE;
				GCC_WARN_UNUSED_FUNCTION = YES;
				GCC_WARN_UNUSED_VARIABLE = YES;
				IPHONEOS_DEPLOYMENT_TARGET = 9.2;
				MTL_ENABLE_DEBUG_INFO = NO;
				SDKROOT = iphoneos;
				TARGETED_DEVICE_FAMILY = "1,2";
				VALIDATE_PRODUCT = YES;
			};
			name = Release;
		};
		390DB7A71C332EB800A8EDCC /* Debug */ = {
			isa = XCBuildConfiguration;
			buildSettings = {
				ASSETCATALOG_COMPILER_APPICON_NAME = AppIcon;
				INFOPLIST_FILE = BurgerTycoon/Info.plist;
				LD_RUNPATH_SEARCH_PATHS = "$(inherited) @executable_path/Frameworks";
				PRODUCT_BUNDLE_IDENTIFIER = com.dansinclair.BurgerTycoon;
				PRODUCT_NAME = "$(TARGET_NAME)";
			};
			name = Debug;
		};
		390DB7A81C332EB800A8EDCC /* Release */ = {
			isa = XCBuildConfiguration;
			buildSettings = {
				ASSETCATALOG_COMPILER_APPICON_NAME = AppIcon;
				INFOPLIST_FILE = BurgerTycoon/Info.plist;
				LD_RUNPATH_SEARCH_PATHS = "$(inherited) @executable_path/Frameworks";
				PRODUCT_BUNDLE_IDENTIFIER = com.dansinclair.BurgerTycoon;
				PRODUCT_NAME = "$(TARGET_NAME)";
			};
			name = Release;
		};
/* End XCBuildConfiguration section */

/* Begin XCConfigurationList section */
		390DB78F1C332EB800A8EDCC /* Build configuration list for PBXProject "BurgerTycoon" */ = {
			isa = XCConfigurationList;
			buildConfigurations = (
				390DB7A41C332EB800A8EDCC /* Debug */,
				390DB7A51C332EB800A8EDCC /* Release */,
			);
			defaultConfigurationIsVisible = 0;
			defaultConfigurationName = Release;
		};
		390DB7A61C332EB800A8EDCC /* Build configuration list for PBXNativeTarget "BurgerTycoon" */ = {
			isa = XCConfigurationList;
			buildConfigurations = (
				390DB7A71C332EB800A8EDCC /* Debug */,
				390DB7A81C332EB800A8EDCC /* Release */,
			);
			defaultConfigurationIsVisible = 0;
		};
/* End XCConfigurationList section */
	};
	rootObject = 390DB78C1C332EB800A8EDCC /* Project object */;
}
